// !$*UTF8*$!
{
	archiveVersion = 1;
	classes = {
	};
	objectVersion = 46;
	objects = {

/* Begin PBXBuildFile section */
		453C897E1D065B7D00074FCE /* Hawk.framework in Frameworks */ = {isa = PBXBuildFile; fileRef = 453C89741D065B7D00074FCE /* Hawk.framework */; };
		453C898B1D065B8D00074FCE /* Hawk.h in Headers */ = {isa = PBXBuildFile; fileRef = 45B650EB1D0653AB008814AF /* Hawk.h */; settings = {ATTRIBUTES = (Public, ); }; };
		453C898C1D065B9200074FCE /* HawkAuth.h in Headers */ = {isa = PBXBuildFile; fileRef = 45B651021D065417008814AF /* HawkAuth.h */; settings = {ATTRIBUTES = (Public, ); }; };
		453C898D1D065B9600074FCE /* HawkAuth.m in Sources */ = {isa = PBXBuildFile; fileRef = 45B651031D065417008814AF /* HawkAuth.m */; };
		453C898E1D065B9A00074FCE /* HawkCredentials.h in Headers */ = {isa = PBXBuildFile; fileRef = 45B651041D065417008814AF /* HawkCredentials.h */; settings = {ATTRIBUTES = (Public, ); }; };
		453C898F1D065BBC00074FCE /* HawkCredentials.m in Sources */ = {isa = PBXBuildFile; fileRef = 45B651051D065417008814AF /* HawkCredentials.m */; };
		453C89901D065BBE00074FCE /* HawkError.h in Headers */ = {isa = PBXBuildFile; fileRef = 45B651061D065417008814AF /* HawkError.h */; settings = {ATTRIBUTES = (Public, ); }; };
		453C89911D065BC300074FCE /* HawkError.m in Sources */ = {isa = PBXBuildFile; fileRef = 45B651071D065417008814AF /* HawkError.m */; };
		453C89921D065BC500074FCE /* CryptoProxy.h in Headers */ = {isa = PBXBuildFile; fileRef = 45B6510E1D0654B1008814AF /* CryptoProxy.h */; settings = {ATTRIBUTES = (Public, ); }; };
		453C89931D065BC900074FCE /* CryptoProxy.m in Sources */ = {isa = PBXBuildFile; fileRef = 45B6510F1D0654B1008814AF /* CryptoProxy.m */; };
		453C89941D065BCC00074FCE /* NSString+Base64.h in Headers */ = {isa = PBXBuildFile; fileRef = 45B651131D0654CD008814AF /* NSString+Base64.h */; settings = {ATTRIBUTES = (Public, ); }; };
		453C89951D065BD000074FCE /* NSString+Base64.m in Sources */ = {isa = PBXBuildFile; fileRef = 45B651141D0654CD008814AF /* NSString+Base64.m */; };
		453C89961D065BD300074FCE /* HawkTests.m in Sources */ = {isa = PBXBuildFile; fileRef = 45B650F71D0653AB008814AF /* HawkTests.m */; };
		45B650EC1D0653AB008814AF /* Hawk.h in Headers */ = {isa = PBXBuildFile; fileRef = 45B650EB1D0653AB008814AF /* Hawk.h */; settings = {ATTRIBUTES = (Public, ); }; };
		45B650F31D0653AB008814AF /* Hawk.framework in Frameworks */ = {isa = PBXBuildFile; fileRef = 45B650E81D0653AB008814AF /* Hawk.framework */; };
		45B650F81D0653AB008814AF /* HawkTests.m in Sources */ = {isa = PBXBuildFile; fileRef = 45B650F71D0653AB008814AF /* HawkTests.m */; };
		45B651081D065417008814AF /* HawkAuth.h in Headers */ = {isa = PBXBuildFile; fileRef = 45B651021D065417008814AF /* HawkAuth.h */; settings = {ATTRIBUTES = (Public, ); }; };
		45B651091D065417008814AF /* HawkAuth.m in Sources */ = {isa = PBXBuildFile; fileRef = 45B651031D065417008814AF /* HawkAuth.m */; };
		45B6510A1D065417008814AF /* HawkCredentials.h in Headers */ = {isa = PBXBuildFile; fileRef = 45B651041D065417008814AF /* HawkCredentials.h */; settings = {ATTRIBUTES = (Public, ); }; };
		45B6510B1D065417008814AF /* HawkCredentials.m in Sources */ = {isa = PBXBuildFile; fileRef = 45B651051D065417008814AF /* HawkCredentials.m */; };
		45B6510C1D065417008814AF /* HawkError.h in Headers */ = {isa = PBXBuildFile; fileRef = 45B651061D065417008814AF /* HawkError.h */; settings = {ATTRIBUTES = (Public, ); }; };
		45B6510D1D065417008814AF /* HawkError.m in Sources */ = {isa = PBXBuildFile; fileRef = 45B651071D065417008814AF /* HawkError.m */; };
		45B651101D0654B1008814AF /* CryptoProxy.h in Headers */ = {isa = PBXBuildFile; fileRef = 45B6510E1D0654B1008814AF /* CryptoProxy.h */; settings = {ATTRIBUTES = (Public, ); }; };
		45B651111D0654B1008814AF /* CryptoProxy.m in Sources */ = {isa = PBXBuildFile; fileRef = 45B6510F1D0654B1008814AF /* CryptoProxy.m */; };
		45B651151D0654CD008814AF /* NSString+Base64.h in Headers */ = {isa = PBXBuildFile; fileRef = 45B651131D0654CD008814AF /* NSString+Base64.h */; settings = {ATTRIBUTES = (Public, ); }; };
		45B651161D0654CD008814AF /* NSString+Base64.m in Sources */ = {isa = PBXBuildFile; fileRef = 45B651141D0654CD008814AF /* NSString+Base64.m */; };
		45B651181D065629008814AF /* Foundation.framework in Frameworks */ = {isa = PBXBuildFile; fileRef = 45B651171D065629008814AF /* Foundation.framework */; };
/* End PBXBuildFile section */

/* Begin PBXContainerItemProxy section */
		453C897F1D065B7D00074FCE /* PBXContainerItemProxy */ = {
			isa = PBXContainerItemProxy;
			containerPortal = 45B650DF1D0653AB008814AF /* Project object */;
			proxyType = 1;
			remoteGlobalIDString = 453C89731D065B7D00074FCE;
			remoteInfo = "Hawk-Mac";
		};
		45B650F41D0653AB008814AF /* PBXContainerItemProxy */ = {
			isa = PBXContainerItemProxy;
			containerPortal = 45B650DF1D0653AB008814AF /* Project object */;
			proxyType = 1;
			remoteGlobalIDString = 45B650E71D0653AB008814AF;
			remoteInfo = Hawk;
		};
/* End PBXContainerItemProxy section */

/* Begin PBXFileReference section */
		453C89741D065B7D00074FCE /* Hawk.framework */ = {isa = PBXFileReference; explicitFileType = wrapper.framework; includeInIndex = 0; path = Hawk.framework; sourceTree = BUILT_PRODUCTS_DIR; };
		453C897D1D065B7D00074FCE /* Hawk-MacTests.xctest */ = {isa = PBXFileReference; explicitFileType = wrapper.cfbundle; includeInIndex = 0; path = "Hawk-MacTests.xctest"; sourceTree = BUILT_PRODUCTS_DIR; };
		45B650E81D0653AB008814AF /* Hawk.framework */ = {isa = PBXFileReference; explicitFileType = wrapper.framework; includeInIndex = 0; path = Hawk.framework; sourceTree = BUILT_PRODUCTS_DIR; };
		45B650EB1D0653AB008814AF /* Hawk.h */ = {isa = PBXFileReference; lastKnownFileType = sourcecode.c.h; path = Hawk.h; sourceTree = "<group>"; };
		45B650ED1D0653AB008814AF /* Info.plist */ = {isa = PBXFileReference; lastKnownFileType = text.plist.xml; path = Info.plist; sourceTree = "<group>"; };
		45B650F21D0653AB008814AF /* Hawk-iOSTests.xctest */ = {isa = PBXFileReference; explicitFileType = wrapper.cfbundle; includeInIndex = 0; path = "Hawk-iOSTests.xctest"; sourceTree = BUILT_PRODUCTS_DIR; };
		45B650F71D0653AB008814AF /* HawkTests.m */ = {isa = PBXFileReference; lastKnownFileType = sourcecode.c.objc; path = HawkTests.m; sourceTree = "<group>"; };
		45B650F91D0653AB008814AF /* Info.plist */ = {isa = PBXFileReference; lastKnownFileType = text.plist.xml; path = Info.plist; sourceTree = "<group>"; };
		45B651021D065417008814AF /* HawkAuth.h */ = {isa = PBXFileReference; fileEncoding = 4; lastKnownFileType = sourcecode.c.h; path = HawkAuth.h; sourceTree = "<group>"; };
		45B651031D065417008814AF /* HawkAuth.m */ = {isa = PBXFileReference; fileEncoding = 4; lastKnownFileType = sourcecode.c.objc; path = HawkAuth.m; sourceTree = "<group>"; };
		45B651041D065417008814AF /* HawkCredentials.h */ = {isa = PBXFileReference; fileEncoding = 4; lastKnownFileType = sourcecode.c.h; path = HawkCredentials.h; sourceTree = "<group>"; };
		45B651051D065417008814AF /* HawkCredentials.m */ = {isa = PBXFileReference; fileEncoding = 4; lastKnownFileType = sourcecode.c.objc; path = HawkCredentials.m; sourceTree = "<group>"; };
		45B651061D065417008814AF /* HawkError.h */ = {isa = PBXFileReference; fileEncoding = 4; lastKnownFileType = sourcecode.c.h; path = HawkError.h; sourceTree = "<group>"; };
		45B651071D065417008814AF /* HawkError.m */ = {isa = PBXFileReference; fileEncoding = 4; lastKnownFileType = sourcecode.c.objc; path = HawkError.m; sourceTree = "<group>"; };
		45B6510E1D0654B1008814AF /* CryptoProxy.h */ = {isa = PBXFileReference; fileEncoding = 4; lastKnownFileType = sourcecode.c.h; path = CryptoProxy.h; sourceTree = "<group>"; };
		45B6510F1D0654B1008814AF /* CryptoProxy.m */ = {isa = PBXFileReference; fileEncoding = 4; lastKnownFileType = sourcecode.c.objc; path = CryptoProxy.m; sourceTree = "<group>"; };
		45B651131D0654CD008814AF /* NSString+Base64.h */ = {isa = PBXFileReference; fileEncoding = 4; lastKnownFileType = sourcecode.c.h; name = "NSString+Base64.h"; path = "Base64/NSString+Base64.h"; sourceTree = "<group>"; };
		45B651141D0654CD008814AF /* NSString+Base64.m */ = {isa = PBXFileReference; fileEncoding = 4; lastKnownFileType = sourcecode.c.objc; name = "NSString+Base64.m"; path = "Base64/NSString+Base64.m"; sourceTree = "<group>"; };
		45B651171D065629008814AF /* Foundation.framework */ = {isa = PBXFileReference; lastKnownFileType = wrapper.framework; name = Foundation.framework; path = System/Library/Frameworks/Foundation.framework; sourceTree = SDKROOT; };
/* End PBXFileReference section */

/* Begin PBXFrameworksBuildPhase section */
		453C89701D065B7D00074FCE /* Frameworks */ = {
			isa = PBXFrameworksBuildPhase;
			buildActionMask = 2147483647;
			files = (
			);
			runOnlyForDeploymentPostprocessing = 0;
		};
		453C897A1D065B7D00074FCE /* Frameworks */ = {
			isa = PBXFrameworksBuildPhase;
			buildActionMask = 2147483647;
			files = (
				453C897E1D065B7D00074FCE /* Hawk.framework in Frameworks */,
			);
			runOnlyForDeploymentPostprocessing = 0;
		};
		45B650E41D0653AB008814AF /* Frameworks */ = {
			isa = PBXFrameworksBuildPhase;
			buildActionMask = 2147483647;
			files = (
				45B651181D065629008814AF /* Foundation.framework in Frameworks */,
			);
			runOnlyForDeploymentPostprocessing = 0;
		};
		45B650EF1D0653AB008814AF /* Frameworks */ = {
			isa = PBXFrameworksBuildPhase;
			buildActionMask = 2147483647;
			files = (
				45B650F31D0653AB008814AF /* Hawk.framework in Frameworks */,
			);
			runOnlyForDeploymentPostprocessing = 0;
		};
/* End PBXFrameworksBuildPhase section */

/* Begin PBXGroup section */
		45B650DE1D0653AB008814AF = {
			isa = PBXGroup;
			children = (
				45B650EA1D0653AB008814AF /* Hawk */,
				45B650F61D0653AB008814AF /* HawkTests */,
				45B651191D065634008814AF /* Framework */,
				45B650E91D0653AB008814AF /* Products */,
			);
			sourceTree = "<group>";
		};
		45B650E91D0653AB008814AF /* Products */ = {
			isa = PBXGroup;
			children = (
				45B650E81D0653AB008814AF /* Hawk.framework */,
				45B650F21D0653AB008814AF /* Hawk-iOSTests.xctest */,
				453C89741D065B7D00074FCE /* Hawk.framework */,
				453C897D1D065B7D00074FCE /* Hawk-MacTests.xctest */,
			);
			name = Products;
			sourceTree = "<group>";
		};
		45B650EA1D0653AB008814AF /* Hawk */ = {
			isa = PBXGroup;
			children = (
				45B650EB1D0653AB008814AF /* Hawk.h */,
				45B651021D065417008814AF /* HawkAuth.h */,
				45B651031D065417008814AF /* HawkAuth.m */,
				45B651041D065417008814AF /* HawkCredentials.h */,
				45B651051D065417008814AF /* HawkCredentials.m */,
				45B651061D065417008814AF /* HawkError.h */,
				45B651071D065417008814AF /* HawkError.m */,
				45B6510E1D0654B1008814AF /* CryptoProxy.h */,
				45B6510F1D0654B1008814AF /* CryptoProxy.m */,
				45B651121D0654C1008814AF /* Base64 */,
				45B650ED1D0653AB008814AF /* Info.plist */,
			);
			path = Hawk;
			sourceTree = "<group>";
		};
		45B650F61D0653AB008814AF /* HawkTests */ = {
			isa = PBXGroup;
			children = (
				45B650F71D0653AB008814AF /* HawkTests.m */,
				45B650F91D0653AB008814AF /* Info.plist */,
			);
			path = HawkTests;
			sourceTree = "<group>";
		};
		45B651121D0654C1008814AF /* Base64 */ = {
			isa = PBXGroup;
			children = (
				45B651131D0654CD008814AF /* NSString+Base64.h */,
				45B651141D0654CD008814AF /* NSString+Base64.m */,
			);
			name = Base64;
			sourceTree = "<group>";
		};
		45B651191D065634008814AF /* Framework */ = {
			isa = PBXGroup;
			children = (
				45B651171D065629008814AF /* Foundation.framework */,
			);
			name = Framework;
			sourceTree = "<group>";
		};
/* End PBXGroup section */

/* Begin PBXHeadersBuildPhase section */
		453C89711D065B7D00074FCE /* Headers */ = {
			isa = PBXHeadersBuildPhase;
			buildActionMask = 2147483647;
			files = (
				453C898E1D065B9A00074FCE /* HawkCredentials.h in Headers */,
				453C898B1D065B8D00074FCE /* Hawk.h in Headers */,
				453C89901D065BBE00074FCE /* HawkError.h in Headers */,
				453C89941D065BCC00074FCE /* NSString+Base64.h in Headers */,
				453C898C1D065B9200074FCE /* HawkAuth.h in Headers */,
				453C89921D065BC500074FCE /* CryptoProxy.h in Headers */,
			);
			runOnlyForDeploymentPostprocessing = 0;
		};
		45B650E51D0653AB008814AF /* Headers */ = {
			isa = PBXHeadersBuildPhase;
			buildActionMask = 2147483647;
			files = (
				45B650EC1D0653AB008814AF /* Hawk.h in Headers */,
				45B651081D065417008814AF /* HawkAuth.h in Headers */,
				45B6510C1D065417008814AF /* HawkError.h in Headers */,
				45B651151D0654CD008814AF /* NSString+Base64.h in Headers */,
				45B6510A1D065417008814AF /* HawkCredentials.h in Headers */,
				45B651101D0654B1008814AF /* CryptoProxy.h in Headers */,
			);
			runOnlyForDeploymentPostprocessing = 0;
		};
/* End PBXHeadersBuildPhase section */

/* Begin PBXNativeTarget section */
		453C89731D065B7D00074FCE /* Hawk-Mac */ = {
			isa = PBXNativeTarget;
			buildConfigurationList = 453C89851D065B7D00074FCE /* Build configuration list for PBXNativeTarget "Hawk-Mac" */;
			buildPhases = (
				453C896F1D065B7D00074FCE /* Sources */,
				453C89701D065B7D00074FCE /* Frameworks */,
				453C89711D065B7D00074FCE /* Headers */,
				453C89721D065B7D00074FCE /* Resources */,
			);
			buildRules = (
			);
			dependencies = (
			);
			name = "Hawk-Mac";
			productName = "Hawk-Mac";
			productReference = 453C89741D065B7D00074FCE /* Hawk.framework */;
			productType = "com.apple.product-type.framework";
		};
		453C897C1D065B7D00074FCE /* Hawk-MacTests */ = {
			isa = PBXNativeTarget;
			buildConfigurationList = 453C89881D065B7D00074FCE /* Build configuration list for PBXNativeTarget "Hawk-MacTests" */;
			buildPhases = (
				453C89791D065B7D00074FCE /* Sources */,
				453C897A1D065B7D00074FCE /* Frameworks */,
				453C897B1D065B7D00074FCE /* Resources */,
			);
			buildRules = (
			);
			dependencies = (
				453C89801D065B7D00074FCE /* PBXTargetDependency */,
			);
			name = "Hawk-MacTests";
			productName = "Hawk-MacTests";
			productReference = 453C897D1D065B7D00074FCE /* Hawk-MacTests.xctest */;
			productType = "com.apple.product-type.bundle.unit-test";
		};
		45B650E71D0653AB008814AF /* Hawk-iOS */ = {
			isa = PBXNativeTarget;
			buildConfigurationList = 45B650FC1D0653AB008814AF /* Build configuration list for PBXNativeTarget "Hawk-iOS" */;
			buildPhases = (
				45B650E31D0653AB008814AF /* Sources */,
				45B650E41D0653AB008814AF /* Frameworks */,
				45B650E51D0653AB008814AF /* Headers */,
				45B650E61D0653AB008814AF /* Resources */,
			);
			buildRules = (
			);
			dependencies = (
			);
			name = "Hawk-iOS";
			productName = Hawk;
			productReference = 45B650E81D0653AB008814AF /* Hawk.framework */;
			productType = "com.apple.product-type.framework";
		};
		45B650F11D0653AB008814AF /* Hawk-iOSTests */ = {
			isa = PBXNativeTarget;
			buildConfigurationList = 45B650FF1D0653AB008814AF /* Build configuration list for PBXNativeTarget "Hawk-iOSTests" */;
			buildPhases = (
				45B650EE1D0653AB008814AF /* Sources */,
				45B650EF1D0653AB008814AF /* Frameworks */,
				45B650F01D0653AB008814AF /* Resources */,
			);
			buildRules = (
			);
			dependencies = (
				45B650F51D0653AB008814AF /* PBXTargetDependency */,
			);
			name = "Hawk-iOSTests";
			productName = HawkTests;
			productReference = 45B650F21D0653AB008814AF /* Hawk-iOSTests.xctest */;
			productType = "com.apple.product-type.bundle.unit-test";
		};
/* End PBXNativeTarget section */

/* Begin PBXProject section */
		45B650DF1D0653AB008814AF /* Project object */ = {
			isa = PBXProject;
			attributes = {
				LastUpgradeCheck = 0730;
				ORGANIZATIONNAME = "Jesse Stuart";
				TargetAttributes = {
					453C89731D065B7D00074FCE = {
						CreatedOnToolsVersion = 7.3.1;
					};
					453C897C1D065B7D00074FCE = {
						CreatedOnToolsVersion = 7.3.1;
					};
					45B650E71D0653AB008814AF = {
						CreatedOnToolsVersion = 7.3.1;
					};
					45B650F11D0653AB008814AF = {
						CreatedOnToolsVersion = 7.3.1;
					};
				};
			};
			buildConfigurationList = 45B650E21D0653AB008814AF /* Build configuration list for PBXProject "Hawk" */;
			compatibilityVersion = "Xcode 3.2";
			developmentRegion = English;
			hasScannedForEncodings = 0;
			knownRegions = (
				en,
			);
			mainGroup = 45B650DE1D0653AB008814AF;
			productRefGroup = 45B650E91D0653AB008814AF /* Products */;
			projectDirPath = "";
			projectRoot = "";
			targets = (
				45B650E71D0653AB008814AF /* Hawk-iOS */,
				45B650F11D0653AB008814AF /* Hawk-iOSTests */,
				453C89731D065B7D00074FCE /* Hawk-Mac */,
				453C897C1D065B7D00074FCE /* Hawk-MacTests */,
			);
		};
/* End PBXProject section */

/* Begin PBXResourcesBuildPhase section */
		453C89721D065B7D00074FCE /* Resources */ = {
			isa = PBXResourcesBuildPhase;
			buildActionMask = 2147483647;
			files = (
			);
			runOnlyForDeploymentPostprocessing = 0;
		};
		453C897B1D065B7D00074FCE /* Resources */ = {
			isa = PBXResourcesBuildPhase;
			buildActionMask = 2147483647;
			files = (
			);
			runOnlyForDeploymentPostprocessing = 0;
		};
		45B650E61D0653AB008814AF /* Resources */ = {
			isa = PBXResourcesBuildPhase;
			buildActionMask = 2147483647;
			files = (
			);
			runOnlyForDeploymentPostprocessing = 0;
		};
		45B650F01D0653AB008814AF /* Resources */ = {
			isa = PBXResourcesBuildPhase;
			buildActionMask = 2147483647;
			files = (
			);
			runOnlyForDeploymentPostprocessing = 0;
		};
/* End PBXResourcesBuildPhase section */

/* Begin PBXSourcesBuildPhase section */
		453C896F1D065B7D00074FCE /* Sources */ = {
			isa = PBXSourcesBuildPhase;
			buildActionMask = 2147483647;
			files = (
				453C898D1D065B9600074FCE /* HawkAuth.m in Sources */,
				453C89911D065BC300074FCE /* HawkError.m in Sources */,
				453C898F1D065BBC00074FCE /* HawkCredentials.m in Sources */,
				453C89931D065BC900074FCE /* CryptoProxy.m in Sources */,
				453C89951D065BD000074FCE /* NSString+Base64.m in Sources */,
			);
			runOnlyForDeploymentPostprocessing = 0;
		};
		453C89791D065B7D00074FCE /* Sources */ = {
			isa = PBXSourcesBuildPhase;
			buildActionMask = 2147483647;
			files = (
				453C89961D065BD300074FCE /* HawkTests.m in Sources */,
			);
			runOnlyForDeploymentPostprocessing = 0;
		};
		45B650E31D0653AB008814AF /* Sources */ = {
			isa = PBXSourcesBuildPhase;
			buildActionMask = 2147483647;
			files = (
				45B651091D065417008814AF /* HawkAuth.m in Sources */,
				45B6510D1D065417008814AF /* HawkError.m in Sources */,
				45B6510B1D065417008814AF /* HawkCredentials.m in Sources */,
				45B651111D0654B1008814AF /* CryptoProxy.m in Sources */,
				45B651161D0654CD008814AF /* NSString+Base64.m in Sources */,
			);
			runOnlyForDeploymentPostprocessing = 0;
		};
		45B650EE1D0653AB008814AF /* Sources */ = {
			isa = PBXSourcesBuildPhase;
			buildActionMask = 2147483647;
			files = (
				45B650F81D0653AB008814AF /* HawkTests.m in Sources */,
			);
			runOnlyForDeploymentPostprocessing = 0;
		};
/* End PBXSourcesBuildPhase section */

/* Begin PBXTargetDependency section */
		453C89801D065B7D00074FCE /* PBXTargetDependency */ = {
			isa = PBXTargetDependency;
			target = 453C89731D065B7D00074FCE /* Hawk-Mac */;
			targetProxy = 453C897F1D065B7D00074FCE /* PBXContainerItemProxy */;
		};
		45B650F51D0653AB008814AF /* PBXTargetDependency */ = {
			isa = PBXTargetDependency;
			target = 45B650E71D0653AB008814AF /* Hawk-iOS */;
			targetProxy = 45B650F41D0653AB008814AF /* PBXContainerItemProxy */;
		};
/* End PBXTargetDependency section */

/* Begin XCBuildConfiguration section */
		453C89861D065B7D00074FCE /* Debug */ = {
			isa = XCBuildConfiguration;
			buildSettings = {
				CODE_SIGN_IDENTITY = "-";
				COMBINE_HIDPI_IMAGES = YES;
				DEFINES_MODULE = YES;
				DYLIB_COMPATIBILITY_VERSION = 1;
				DYLIB_CURRENT_VERSION = 1;
				DYLIB_INSTALL_NAME_BASE = "@rpath";
				FRAMEWORK_VERSION = A;
				INFOPLIST_FILE = Hawk/Info.plist;
				INSTALL_PATH = "$(LOCAL_LIBRARY_DIR)/Frameworks";
				LD_RUNPATH_SEARCH_PATHS = "$(inherited) @executable_path/../Frameworks @loader_path/Frameworks";
				MACOSX_DEPLOYMENT_TARGET = 10.10;
				PRODUCT_BUNDLE_IDENTIFIER = "Tent.Hawk-Mac";
				PRODUCT_NAME = Hawk;
				SDKROOT = macosx;
				SKIP_INSTALL = YES;
			};
			name = Debug;
		};
		453C89871D065B7D00074FCE /* Release */ = {
			isa = XCBuildConfiguration;
			buildSettings = {
				CODE_SIGN_IDENTITY = "-";
				COMBINE_HIDPI_IMAGES = YES;
				DEFINES_MODULE = YES;
				DYLIB_COMPATIBILITY_VERSION = 1;
				DYLIB_CURRENT_VERSION = 1;
				DYLIB_INSTALL_NAME_BASE = "@rpath";
				FRAMEWORK_VERSION = A;
				INFOPLIST_FILE = Hawk/Info.plist;
				INSTALL_PATH = "$(LOCAL_LIBRARY_DIR)/Frameworks";
				LD_RUNPATH_SEARCH_PATHS = "$(inherited) @executable_path/../Frameworks @loader_path/Frameworks";
				MACOSX_DEPLOYMENT_TARGET = 10.10;
				PRODUCT_BUNDLE_IDENTIFIER = "Tent.Hawk-Mac";
				PRODUCT_NAME = Hawk;
				SDKROOT = macosx;
				SKIP_INSTALL = YES;
			};
			name = Release;
		};
		453C89891D065B7D00074FCE /* Debug */ = {
			isa = XCBuildConfiguration;
			buildSettings = {
				CODE_SIGN_IDENTITY = "-";
				COMBINE_HIDPI_IMAGES = YES;
				INFOPLIST_FILE = HawkTests/Info.plist;
				LD_RUNPATH_SEARCH_PATHS = "$(inherited) @executable_path/../Frameworks @loader_path/../Frameworks";
				MACOSX_DEPLOYMENT_TARGET = 10.10;
				PRODUCT_BUNDLE_IDENTIFIER = "Tent.Hawk-MacTests";
				PRODUCT_NAME = "$(TARGET_NAME)";
				SDKROOT = macosx;
			};
			name = Debug;
		};
		453C898A1D065B7D00074FCE /* Release */ = {
			isa = XCBuildConfiguration;
			buildSettings = {
				CODE_SIGN_IDENTITY = "-";
				COMBINE_HIDPI_IMAGES = YES;
				INFOPLIST_FILE = HawkTests/Info.plist;
				LD_RUNPATH_SEARCH_PATHS = "$(inherited) @executable_path/../Frameworks @loader_path/../Frameworks";
				MACOSX_DEPLOYMENT_TARGET = 10.10;
				PRODUCT_BUNDLE_IDENTIFIER = "Tent.Hawk-MacTests";
				PRODUCT_NAME = "$(TARGET_NAME)";
				SDKROOT = macosx;
			};
			name = Release;
		};
		45B650FA1D0653AB008814AF /* Debug */ = {
			isa = XCBuildConfiguration;
			buildSettings = {
				ALWAYS_SEARCH_USER_PATHS = NO;
				CLANG_ANALYZER_NONNULL = YES;
				CLANG_CXX_LANGUAGE_STANDARD = "gnu++0x";
				CLANG_CXX_LIBRARY = "libc++";
				CLANG_ENABLE_MODULES = YES;
				CLANG_ENABLE_OBJC_ARC = YES;
				CLANG_WARN_BOOL_CONVERSION = YES;
				CLANG_WARN_CONSTANT_CONVERSION = YES;
				CLANG_WARN_DIRECT_OBJC_ISA_USAGE = YES_ERROR;
				CLANG_WARN_EMPTY_BODY = YES;
				CLANG_WARN_ENUM_CONVERSION = YES;
				CLANG_WARN_INT_CONVERSION = YES;
				CLANG_WARN_OBJC_ROOT_CLASS = YES_ERROR;
				CLANG_WARN_UNREACHABLE_CODE = YES;
				CLANG_WARN__DUPLICATE_METHOD_MATCH = YES;
				"CODE_SIGN_IDENTITY[sdk=iphoneos*]" = "iPhone Developer";
				COPY_PHASE_STRIP = NO;
				CURRENT_PROJECT_VERSION = 1;
				DEBUG_INFORMATION_FORMAT = dwarf;
				ENABLE_STRICT_OBJC_MSGSEND = YES;
				ENABLE_TESTABILITY = YES;
				GCC_C_LANGUAGE_STANDARD = gnu99;
				GCC_DYNAMIC_NO_PIC = NO;
				GCC_NO_COMMON_BLOCKS = YES;
				GCC_OPTIMIZATION_LEVEL = 0;
				GCC_PREPROCESSOR_DEFINITIONS = (
					"DEBUG=1",
					"$(inherited)",
				);
				GCC_WARN_64_TO_32_BIT_CONVERSION = YES;
				GCC_WARN_ABOUT_RETURN_TYPE = YES_ERROR;
				GCC_WARN_UNDECLARED_SELECTOR = YES;
				GCC_WARN_UNINITIALIZED_AUTOS = YES_AGGRESSIVE;
				GCC_WARN_UNUSED_FUNCTION = YES;
				GCC_WARN_UNUSED_VARIABLE = YES;
				IPHONEOS_DEPLOYMENT_TARGET = 8.0;
				MTL_ENABLE_DEBUG_INFO = YES;
				ONLY_ACTIVE_ARCH = YES;
				SDKROOT = iphoneos;
				TARGETED_DEVICE_FAMILY = "1,2";
				VERSIONING_SYSTEM = "apple-generic";
				VERSION_INFO_PREFIX = "";
			};
			name = Debug;
		};
		45B650FB1D0653AB008814AF /* Release */ = {
			isa = XCBuildConfiguration;
			buildSettings = {
				ALWAYS_SEARCH_USER_PATHS = NO;
				CLANG_ANALYZER_NONNULL = YES;
				CLANG_CXX_LANGUAGE_STANDARD = "gnu++0x";
				CLANG_CXX_LIBRARY = "libc++";
				CLANG_ENABLE_MODULES = YES;
				CLANG_ENABLE_OBJC_ARC = YES;
				CLANG_WARN_BOOL_CONVERSION = YES;
				CLANG_WARN_CONSTANT_CONVERSION = YES;
				CLANG_WARN_DIRECT_OBJC_ISA_USAGE = YES_ERROR;
				CLANG_WARN_EMPTY_BODY = YES;
				CLANG_WARN_ENUM_CONVERSION = YES;
				CLANG_WARN_INT_CONVERSION = YES;
				CLANG_WARN_OBJC_ROOT_CLASS = YES_ERROR;
				CLANG_WARN_UNREACHABLE_CODE = YES;
				CLANG_WARN__DUPLICATE_METHOD_MATCH = YES;
				"CODE_SIGN_IDENTITY[sdk=iphoneos*]" = "iPhone Developer";
				COPY_PHASE_STRIP = NO;
				CURRENT_PROJECT_VERSION = 1;
				DEBUG_INFORMATION_FORMAT = "dwarf-with-dsym";
				ENABLE_NS_ASSERTIONS = NO;
				ENABLE_STRICT_OBJC_MSGSEND = YES;
				GCC_C_LANGUAGE_STANDARD = gnu99;
				GCC_NO_COMMON_BLOCKS = YES;
				GCC_WARN_64_TO_32_BIT_CONVERSION = YES;
				GCC_WARN_ABOUT_RETURN_TYPE = YES_ERROR;
				GCC_WARN_UNDECLARED_SELECTOR = YES;
				GCC_WARN_UNINITIALIZED_AUTOS = YES_AGGRESSIVE;
				GCC_WARN_UNUSED_FUNCTION = YES;
				GCC_WARN_UNUSED_VARIABLE = YES;
				IPHONEOS_DEPLOYMENT_TARGET = 8.0;
				MTL_ENABLE_DEBUG_INFO = NO;
				SDKROOT = iphoneos;
				TARGETED_DEVICE_FAMILY = "1,2";
				VALIDATE_PRODUCT = YES;
				VERSIONING_SYSTEM = "apple-generic";
				VERSION_INFO_PREFIX = "";
			};
			name = Release;
		};
		45B650FD1D0653AB008814AF /* Debug */ = {
			isa = XCBuildConfiguration;
			buildSettings = {
				DEFINES_MODULE = YES;
				DYLIB_COMPATIBILITY_VERSION = 1;
				DYLIB_CURRENT_VERSION = 1;
				DYLIB_INSTALL_NAME_BASE = "@rpath";
				INFOPLIST_FILE = Hawk/Info.plist;
				INSTALL_PATH = "$(LOCAL_LIBRARY_DIR)/Frameworks";
				LD_RUNPATH_SEARCH_PATHS = "$(inherited) @executable_path/Frameworks @loader_path/Frameworks";
				PRODUCT_BUNDLE_IDENTIFIER = Tent.Hawk;
				PRODUCT_NAME = Hawk;
				SKIP_INSTALL = YES;
			};
			name = Debug;
		};
		45B650FE1D0653AB008814AF /* Release */ = {
			isa = XCBuildConfiguration;
			buildSettings = {
				DEFINES_MODULE = YES;
				DYLIB_COMPATIBILITY_VERSION = 1;
				DYLIB_CURRENT_VERSION = 1;
				DYLIB_INSTALL_NAME_BASE = "@rpath";
				INFOPLIST_FILE = Hawk/Info.plist;
				INSTALL_PATH = "$(LOCAL_LIBRARY_DIR)/Frameworks";
				LD_RUNPATH_SEARCH_PATHS = "$(inherited) @executable_path/Frameworks @loader_path/Frameworks";
				PRODUCT_BUNDLE_IDENTIFIER = Tent.Hawk;
				PRODUCT_NAME = Hawk;
				SKIP_INSTALL = YES;
			};
			name = Release;
		};
		45B651001D0653AB008814AF /* Debug */ = {
			isa = XCBuildConfiguration;
			buildSettings = {
				INFOPLIST_FILE = HawkTests/Info.plist;
				LD_RUNPATH_SEARCH_PATHS = "$(inherited) @executable_path/Frameworks @loader_path/Frameworks";
				PRODUCT_BUNDLE_IDENTIFIER = Tent.HawkTests;
				PRODUCT_NAME = "$(TARGET_NAME)";
			};
			name = Debug;
		};
		45B651011D0653AB008814AF /* Release */ = {
			isa = XCBuildConfiguration;
			buildSettings = {
				INFOPLIST_FILE = HawkTests/Info.plist;
				LD_RUNPATH_SEARCH_PATHS = "$(inherited) @executable_path/Frameworks @loader_path/Frameworks";
				PRODUCT_BUNDLE_IDENTIFIER = Tent.HawkTests;
				PRODUCT_NAME = "$(TARGET_NAME)";
			};
			name = Release;
		};
/* End XCBuildConfiguration section */

/* Begin XCConfigurationList section */
		453C89851D065B7D00074FCE /* Build configuration list for PBXNativeTarget "Hawk-Mac" */ = {
			isa = XCConfigurationList;
			buildConfigurations = (
				453C89861D065B7D00074FCE /* Debug */,
				453C89871D065B7D00074FCE /* Release */,
			);
			defaultConfigurationIsVisible = 0;
			defaultConfigurationName = Release;
		};
		453C89881D065B7D00074FCE /* Build configuration list for PBXNativeTarget "Hawk-MacTests" */ = {
			isa = XCConfigurationList;
			buildConfigurations = (
				453C89891D065B7D00074FCE /* Debug */,
				453C898A1D065B7D00074FCE /* Release */,
			);
			defaultConfigurationIsVisible = 0;
			defaultConfigurationName = Release;
		};
		45B650E21D0653AB008814AF /* Build configuration list for PBXProject "Hawk" */ = {
			isa = XCConfigurationList;
			buildConfigurations = (
				45B650FA1D0653AB008814AF /* Debug */,
				45B650FB1D0653AB008814AF /* Release */,
			);
			defaultConfigurationIsVisible = 0;
			defaultConfigurationName = Release;
		};
		45B650FC1D0653AB008814AF /* Build configuration list for PBXNativeTarget "Hawk-iOS" */ = {
			isa = XCConfigurationList;
			buildConfigurations = (
				45B650FD1D0653AB008814AF /* Debug */,
				45B650FE1D0653AB008814AF /* Release */,
			);
			defaultConfigurationIsVisible = 0;
			defaultConfigurationName = Release;
		};
		45B650FF1D0653AB008814AF /* Build configuration list for PBXNativeTarget "Hawk-iOSTests" */ = {
			isa = XCConfigurationList;
			buildConfigurations = (
				45B651001D0653AB008814AF /* Debug */,
				45B651011D0653AB008814AF /* Release */,
			);
			defaultConfigurationIsVisible = 0;
			defaultConfigurationName = Release;
		};
/* End XCConfigurationList section */
	};
	rootObject = 45B650DF1D0653AB008814AF /* Project object */;
}
